
Microsoft Visual Studio Solution File, Format Version 12.00
# Visual Studio 15
VisualStudioVersion = 15.0.28307.421
MinimumVisualStudioVersion = 10.0.40219.1
Project("{FAE04EC0-301F-11D3-BF4B-00C04F79EFBC}") = "MergeLists", "MergeLists\MergeLists.csproj", "{9ACCA228-19DE-45EB-AC0E-E09CD06E6EA5}"
EndProject
Global
	GlobalSection(SolutionConfigurationPlatforms) = preSolution
		Debug|Any CPU = Debug|Any CPU
		Release|Any CPU = Release|Any CPU
	EndGlobalSection
	GlobalSection(ProjectConfigurationPlatforms) = postSolution
		{9ACCA228-19DE-45EB-AC0E-E09CD06E6EA5}.Debug|Any CPU.ActiveCfg = Debug|Any CPU
		{9ACCA228-19DE-45EB-AC0E-E09CD06E6EA5}.Debug|Any CPU.Build.0 = Debug|Any CPU
		{9ACCA228-19DE-45EB-AC0E-E09CD06E6EA5}.Release|Any CPU.ActiveCfg = Release|Any CPU
		{9ACCA228-19DE-45EB-AC0E-E09CD06E6EA5}.Release|Any CPU.Build.0 = Release|Any CPU
	EndGlobalSection
	GlobalSection(SolutionProperties) = preSolution
		HideSolutionNode = FALSE
	EndGlobalSection
	GlobalSection(ExtensibilityGlobals) = postSolution
		SolutionGuid = {11C4A6C8-01A4-492A-8919-ADC03215D5B4}
	EndGlobalSection
EndGlobal
