
Microsoft Visual Studio Solution File, Format Version 12.00
# Visual Studio 15
VisualStudioVersion = 15.0.28307.421
MinimumVisualStudioVersion = 10.0.40219.1
Project("{FAE04EC0-301F-11D3-BF4B-00C04F79EFBC}") = "YieldReturn", "YieldReturn\YieldReturn.csproj", "{ED9C7C0C-0F59-4220-9A8E-D93F153ADEEE}"
EndProject
Global
	GlobalSection(SolutionConfigurationPlatforms) = preSolution
		Debug|Any CPU = Debug|Any CPU
		Release|Any CPU = Release|Any CPU
	EndGlobalSection
	GlobalSection(ProjectConfigurationPlatforms) = postSolution
		{ED9C7C0C-0F59-4220-9A8E-D93F153ADEEE}.Debug|Any CPU.ActiveCfg = Debug|Any CPU
		{ED9C7C0C-0F59-4220-9A8E-D93F153ADEEE}.Debug|Any CPU.Build.0 = Debug|Any CPU
		{ED9C7C0C-0F59-4220-9A8E-D93F153ADEEE}.Release|Any CPU.ActiveCfg = Release|Any CPU
		{ED9C7C0C-0F59-4220-9A8E-D93F153ADEEE}.Release|Any CPU.Build.0 = Release|Any CPU
	EndGlobalSection
	GlobalSection(SolutionProperties) = preSolution
		HideSolutionNode = FALSE
	EndGlobalSection
	GlobalSection(ExtensibilityGlobals) = postSolution
		SolutionGuid = {73DE8CD8-A477-4609-BAC9-5D3B4E20D2A7}
	EndGlobalSection
EndGlobal
