
Microsoft Visual Studio Solution File, Format Version 12.00
# Visual Studio 15
VisualStudioVersion = 15.0.28307.489
MinimumVisualStudioVersion = 10.0.40219.1
Project("{FAE04EC0-301F-11D3-BF4B-00C04F79EFBC}") = "LinqApp", "LinqApp\LinqApp.csproj", "{CD85D894-08E1-4645-B41C-8394A966006D}"
EndProject
Global
	GlobalSection(SolutionConfigurationPlatforms) = preSolution
		Debug|Any CPU = Debug|Any CPU
		Release|Any CPU = Release|Any CPU
	EndGlobalSection
	GlobalSection(ProjectConfigurationPlatforms) = postSolution
		{CD85D894-08E1-4645-B41C-8394A966006D}.Debug|Any CPU.ActiveCfg = Debug|Any CPU
		{CD85D894-08E1-4645-B41C-8394A966006D}.Debug|Any CPU.Build.0 = Debug|Any CPU
		{CD85D894-08E1-4645-B41C-8394A966006D}.Release|Any CPU.ActiveCfg = Release|Any CPU
		{CD85D894-08E1-4645-B41C-8394A966006D}.Release|Any CPU.Build.0 = Release|Any CPU
	EndGlobalSection
	GlobalSection(SolutionProperties) = preSolution
		HideSolutionNode = FALSE
	EndGlobalSection
	GlobalSection(ExtensibilityGlobals) = postSolution
		SolutionGuid = {DF42C6CD-0A4E-4939-B089-FDB90FBD5AAA}
	EndGlobalSection
EndGlobal
